<?xml version="1.0" encoding="utf-8"?>
<Project ToolsVersion="4.0" xmlns="http://schemas.microsoft.com/developer/msbuild/2003">
  <ItemGroup>
    <Filter Include="源文件">
      <UniqueIdentifier>{ddac6190-d161-4d1b-9f37-38aa32fc2906}</UniqueIdentifier>
    </Filter>
    <Filter Include="生成的文件">
      <UniqueIdentifier>{d709933c-cda0-46da-abf0-4f9d691e8998}</UniqueIdentifier>
      <SourceControlFiles>False</SourceControlFiles>
    </Filter>
  </ItemGroup>
  <ItemGroup>
    <None Include="FolderToolps.def" />
  </ItemGroup>
  <ItemGroup>
    <ClCompile Include="FolderTool_i.c">
      <Filter>生成的文件</Filter>
    </ClCompile>
    <ClCompile Include="FolderTool_p.c">
      <Filter>生成的文件</Filter>
    </ClCompile>
    <ClCompile Include="dlldata.c">
      <Filter>生成的文件</Filter>
    </ClCompile>
  </ItemGroup>
</Project>